
Microsoft Visual Studio Solution File, Format Version 12.00
# Visual Studio Version 17
VisualStudioVersion = 17.10.35013.160
MinimumVisualStudioVersion = 10.0.40219.1
Project("{FAE04EC0-301F-11D3-BF4B-00C04F79EFBC}") = "Exercise08_10", "Exercise08_10.csproj", "{B444F203-53E7-4BAD-9B6A-EF15818B282A}"
EndProject
Global
	GlobalSection(SolutionConfigurationPlatforms) = preSolution
		Debug|Any CPU = Debug|Any CPU
		Release|Any CPU = Release|Any CPU
	EndGlobalSection
	GlobalSection(ProjectConfigurationPlatforms) = postSolution
		{B444F203-53E7-4BAD-9B6A-EF15818B282A}.Debug|Any CPU.ActiveCfg = Debug|Any CPU
		{B444F203-53E7-4BAD-9B6A-EF15818B282A}.Debug|Any CPU.Build.0 = Debug|Any CPU
		{B444F203-53E7-4BAD-9B6A-EF15818B282A}.Release|Any CPU.ActiveCfg = Release|Any CPU
		{B444F203-53E7-4BAD-9B6A-EF15818B282A}.Release|Any CPU.Build.0 = Release|Any CPU
	EndGlobalSection
	GlobalSection(SolutionProperties) = preSolution
		HideSolutionNode = FALSE
	EndGlobalSection
	GlobalSection(ExtensibilityGlobals) = postSolution
		SolutionGuid = {4FF086FF-6C1C-46CE-9DC3-9544DD6F7C34}
	EndGlobalSection
EndGlobal
