
Microsoft Visual Studio Solution File, Format Version 12.00
# Visual Studio Version 17
VisualStudioVersion = 17.10.35013.160
MinimumVisualStudioVersion = 10.0.40219.1
Project("{FAE04EC0-301F-11D3-BF4B-00C04F79EFBC}") = "Exercise08_05", "Exercise08_05.csproj", "{FCABE7CC-61B8-4E70-B380-2913A0AC5C8D}"
EndProject
Global
	GlobalSection(SolutionConfigurationPlatforms) = preSolution
		Debug|Any CPU = Debug|Any CPU
		Release|Any CPU = Release|Any CPU
	EndGlobalSection
	GlobalSection(ProjectConfigurationPlatforms) = postSolution
		{FCABE7CC-61B8-4E70-B380-2913A0AC5C8D}.Debug|Any CPU.ActiveCfg = Debug|Any CPU
		{FCABE7CC-61B8-4E70-B380-2913A0AC5C8D}.Debug|Any CPU.Build.0 = Debug|Any CPU
		{FCABE7CC-61B8-4E70-B380-2913A0AC5C8D}.Release|Any CPU.ActiveCfg = Release|Any CPU
		{FCABE7CC-61B8-4E70-B380-2913A0AC5C8D}.Release|Any CPU.Build.0 = Release|Any CPU
	EndGlobalSection
	GlobalSection(SolutionProperties) = preSolution
		HideSolutionNode = FALSE
	EndGlobalSection
	GlobalSection(ExtensibilityGlobals) = postSolution
		SolutionGuid = {5E13A771-56D6-4EBD-A7BA-8C067084103E}
	EndGlobalSection
EndGlobal
